{
  "nodes": {
    "naersk": {
      "inputs": {
        "nixpkgs": [
          "nixpkgs"
        ]
      },
      "locked": {
        "lastModified": 1612192764,
        "narHash": "sha256-7EnLtZQWP6511G1ZPA7FmJlqAr3hWsAYb24tvTvJ/ec=",
        "owner": "nmattia",
        "repo": "naersk",
        "rev": "6e149bfd726a8ebefa415f2d713ba6d942435abd",
        "type": "github"
      },
      "original": {
        "owner": "nmattia",
        "repo": "naersk",
        "type": "github"
      }
    },
    "nixpkgs": {
      "locked": {
        "lastModified": 1613477454,
        "narHash": "sha256-XrqPa8pKHai5bFFI5T2ZkYM3hYLlJaxefd64nj2oN2Q=",
        "owner": "NixOS",
        "repo": "nixpkgs",
        "rev": "95ce0f52ec10cbfa2b72a2d8623e6a363e77e4dd",
        "type": "github"
      },
      "original": {
        "owner": "NixOS",
        "ref": "nixos-20.09",
        "repo": "nixpkgs",
        "type": "github"
      }
    },
    "root": {
      "inputs": {
        "naersk": "naersk",
        "nixpkgs": "nixpkgs",
        "rust-overlay": "rust-overlay",
        "utils": "utils"
      }
    },
    "rust-overlay": {
      "inputs": {
        "flake-utils": [
          "utils"
        ],
        "nixpkgs": [
          "nixpkgs"
        ]
      },
      "locked": {
        "lastModified": 1613528633,
        "narHash": "sha256-QZWpBeAhbNrIDdT5mo0XJ5NSW9rIhNxDNjirv0ETzJc=",
        "owner": "oxalica",
        "repo": "rust-overlay",
        "rev": "c214577fa2a79bed4d392d59046bb8fd6b3458d8",
        "type": "github"
      },
      "original": {
        "owner": "oxalica",
        "repo": "rust-overlay",
        "type": "github"
      }
    },
    "utils": {
      "locked": {
        "lastModified": 1610051610,
        "narHash": "sha256-U9rPz/usA1/Aohhk7Cmc2gBrEEKRzcW4nwPWMPwja4Y=",
        "owner": "numtide",
        "repo": "flake-utils",
        "rev": "3982c9903e93927c2164caa727cd3f6a0e6d14cc",
        "type": "github"
      },
      "original": {
        "owner": "numtide",
        "repo": "flake-utils",
        "type": "github"
      }
    }
  },
  "root": "root",
  "version": 7
}
